// !$*UTF8*$!
{
	archiveVersion = 1;
	classes = {
	};
	objectVersion = 51;
	objects = {

/* Begin PBXBuildFile section */
		064C45E698A1C8C71286EC63 /* Pods_DemoShop.framework in Frameworks */ = {isa = PBXBuildFile; fileRef = 862409A06D7B1AD84EE90D69 /* Pods_DemoShop.framework */; };
		44338091258BFD5D006ECEF8 /* MainViewController.swift in Sources */ = {isa = PBXBuildFile; fileRef = 4433808F258BFD5D006ECEF8 /* MainViewController.swift */; };
		44338092258BFD5D006ECEF8 /* MainViewController.xib in Resources */ = {isa = PBXBuildFile; fileRef = 44338090258BFD5D006ECEF8 /* MainViewController.xib */; };
		449D7A8D258BD20F0090E9D8 /* AppDelegate.swift in Sources */ = {isa = PBXBuildFile; fileRef = 449D7A8C258BD20F0090E9D8 /* AppDelegate.swift */; };
		449D7A8F258BD20F0090E9D8 /* SceneDelegate.swift in Sources */ = {isa = PBXBuildFile; fileRef = 449D7A8E258BD20F0090E9D8 /* SceneDelegate.swift */; };
		449D7A96258BD2120090E9D8 /* Assets.xcassets in Resources */ = {isa = PBXBuildFile; fileRef = 449D7A95258BD2120090E9D8 /* Assets.xcassets */; };
		449D7A99258BD2120090E9D8 /* LaunchScreen.storyboard in Resources */ = {isa = PBXBuildFile; fileRef = 449D7A97258BD2120090E9D8 /* LaunchScreen.storyboard */; };
/* End PBXBuildFile section */

/* Begin PBXFileReference section */
		08FD55C65E58A1DFF6CF4E88 /* Pods-DemoShop.release.xcconfig */ = {isa = PBXFileReference; includeInIndex = 1; lastKnownFileType = text.xcconfig; name = "Pods-DemoShop.release.xcconfig"; path = "Target Support Files/Pods-DemoShop/Pods-DemoShop.release.xcconfig"; sourceTree = "<group>"; };
		16B4C6CE6D1F3EBF297DD547 /* Pods-DemoShop.debug.xcconfig */ = {isa = PBXFileReference; includeInIndex = 1; lastKnownFileType = text.xcconfig; name = "Pods-DemoShop.debug.xcconfig"; path = "Target Support Files/Pods-DemoShop/Pods-DemoShop.debug.xcconfig"; sourceTree = "<group>"; };
		4433808F258BFD5D006ECEF8 /* MainViewController.swift */ = {isa = PBXFileReference; lastKnownFileType = sourcecode.swift; path = MainViewController.swift; sourceTree = "<group>"; };
		44338090258BFD5D006ECEF8 /* MainViewController.xib */ = {isa = PBXFileReference; lastKnownFileType = file.xib; path = MainViewController.xib; sourceTree = "<group>"; };
		449D7A89258BD20F0090E9D8 /* DemoShop.app */ = {isa = PBXFileReference; explicitFileType = wrapper.application; includeInIndex = 0; path = DemoShop.app; sourceTree = BUILT_PRODUCTS_DIR; };
		449D7A8C258BD20F0090E9D8 /* AppDelegate.swift */ = {isa = PBXFileReference; lastKnownFileType = sourcecode.swift; path = AppDelegate.swift; sourceTree = "<group>"; };
		449D7A8E258BD20F0090E9D8 /* SceneDelegate.swift */ = {isa = PBXFileReference; lastKnownFileType = sourcecode.swift; path = SceneDelegate.swift; sourceTree = "<group>"; };
		449D7A95258BD2120090E9D8 /* Assets.xcassets */ = {isa = PBXFileReference; lastKnownFileType = folder.assetcatalog; path = Assets.xcassets; sourceTree = "<group>"; };
		449D7A98258BD2120090E9D8 /* Base */ = {isa = PBXFileReference; lastKnownFileType = file.storyboard; name = Base; path = Base.lproj/LaunchScreen.storyboard; sourceTree = "<group>"; };
		449D7A9A258BD2120090E9D8 /* Info.plist */ = {isa = PBXFileReference; lastKnownFileType = text.plist.xml; path = Info.plist; sourceTree = "<group>"; };
		862409A06D7B1AD84EE90D69 /* Pods_DemoShop.framework */ = {isa = PBXFileReference; explicitFileType = wrapper.framework; includeInIndex = 0; path = Pods_DemoShop.framework; sourceTree = BUILT_PRODUCTS_DIR; };
/* End PBXFileReference section */

/* Begin PBXFrameworksBuildPhase section */
		449D7A86258BD20F0090E9D8 /* Frameworks */ = {
			isa = PBXFrameworksBuildPhase;
			buildActionMask = 2147483647;
			files = (
				064C45E698A1C8C71286EC63 /* Pods_DemoShop.framework in Frameworks */,
			);
			runOnlyForDeploymentPostprocessing = 0;
		};
/* End PBXFrameworksBuildPhase section */

/* Begin PBXGroup section */
		4433808C258BFCBF006ECEF8 /* Screens */ = {
			isa = PBXGroup;
			children = (
				4433808D258BFCCA006ECEF8 /* Main */,
			);
			path = Screens;
			sourceTree = "<group>";
		};
		4433808D258BFCCA006ECEF8 /* Main */ = {
			isa = PBXGroup;
			children = (
				4433808F258BFD5D006ECEF8 /* MainViewController.swift */,
				44338090258BFD5D006ECEF8 /* MainViewController.xib */,
			);
			path = Main;
			sourceTree = "<group>";
		};
		449D7A80258BD20F0090E9D8 = {
			isa = PBXGroup;
			children = (
				449D7A8B258BD20F0090E9D8 /* DemoShop */,
				449D7A8A258BD20F0090E9D8 /* Products */,
				8883A070D65750A7CA646907 /* Pods */,
				DD0A85D19083A4C8D245C999 /* Frameworks */,
			);
			sourceTree = "<group>";
		};
		449D7A8A258BD20F0090E9D8 /* Products */ = {
			isa = PBXGroup;
			children = (
				449D7A89258BD20F0090E9D8 /* DemoShop.app */,
			);
			name = Products;
			sourceTree = "<group>";
		};
		449D7A8B258BD20F0090E9D8 /* DemoShop */ = {
			isa = PBXGroup;
			children = (
				449D7A8C258BD20F0090E9D8 /* AppDelegate.swift */,
				449D7A8E258BD20F0090E9D8 /* SceneDelegate.swift */,
				4433808C258BFCBF006ECEF8 /* Screens */,
				449D7A95258BD2120090E9D8 /* Assets.xcassets */,
				449D7A97258BD2120090E9D8 /* LaunchScreen.storyboard */,
				449D7A9A258BD2120090E9D8 /* Info.plist */,
			);
			path = DemoShop;
			sourceTree = "<group>";
		};
		8883A070D65750A7CA646907 /* Pods */ = {
			isa = PBXGroup;
			children = (
				16B4C6CE6D1F3EBF297DD547 /* Pods-DemoShop.debug.xcconfig */,
				08FD55C65E58A1DFF6CF4E88 /* Pods-DemoShop.release.xcconfig */,
			);
			path = Pods;
			sourceTree = "<group>";
		};
		DD0A85D19083A4C8D245C999 /* Frameworks */ = {
			isa = PBXGroup;
			children = (
				862409A06D7B1AD84EE90D69 /* Pods_DemoShop.framework */,
			);
			name = Frameworks;
			sourceTree = "<group>";
		};
/* End PBXGroup section */

/* Begin PBXNativeTarget section */
		449D7A88258BD20F0090E9D8 /* DemoShop */ = {
			isa = PBXNativeTarget;
			buildConfigurationList = 449D7A9D258BD2120090E9D8 /* Build configuration list for PBXNativeTarget "DemoShop" */;
			buildPhases = (
				337261CFD829FDFB57C63D13 /* [CP] Check Pods Manifest.lock */,
				449D7A85258BD20F0090E9D8 /* Sources */,
				449D7A86258BD20F0090E9D8 /* Frameworks */,
				449D7A87258BD20F0090E9D8 /* Resources */,
				C8499E84096C2DA729105ED4 /* [CP] Embed Pods Frameworks */,
			);
			buildRules = (
			);
			dependencies = (
			);
			name = DemoShop;
			productName = DemoShop;
			productReference = 449D7A89258BD20F0090E9D8 /* DemoShop.app */;
			productType = "com.apple.product-type.application";
		};
/* End PBXNativeTarget section */

/* Begin PBXProject section */
		449D7A81258BD20F0090E9D8 /* Project object */ = {
			isa = PBXProject;
			attributes = {
				LastSwiftUpdateCheck = 1220;
				LastUpgradeCheck = 1220;
				TargetAttributes = {
					449D7A88258BD20F0090E9D8 = {
						CreatedOnToolsVersion = 12.2;
					};
				};
			};
			buildConfigurationList = 449D7A84258BD20F0090E9D8 /* Build configuration list for PBXProject "DemoShop" */;
			compatibilityVersion = "Xcode 9.3";
			developmentRegion = en;
			hasScannedForEncodings = 0;
			knownRegions = (
				en,
				Base,
			);
			mainGroup = 449D7A80258BD20F0090E9D8;
			productRefGroup = 449D7A8A258BD20F0090E9D8 /* Products */;
			projectDirPath = "";
			projectRoot = "";
			targets = (
				449D7A88258BD20F0090E9D8 /* DemoShop */,
			);
		};
/* End PBXProject section */

/* Begin PBXResourcesBuildPhase section */
		449D7A87258BD20F0090E9D8 /* Resources */ = {
			isa = PBXResourcesBuildPhase;
			buildActionMask = 2147483647;
			files = (
				449D7A99258BD2120090E9D8 /* LaunchScreen.storyboard in Resources */,
				44338092258BFD5D006ECEF8 /* MainViewController.xib in Resources */,
				449D7A96258BD2120090E9D8 /* Assets.xcassets in Resources */,
			);
			runOnlyForDeploymentPostprocessing = 0;
		};
/* End PBXResourcesBuildPhase section */

/* Begin PBXShellScriptBuildPhase section */
		337261CFD829FDFB57C63D13 /* [CP] Check Pods Manifest.lock */ = {
			isa = PBXShellScriptBuildPhase;
			buildActionMask = 2147483647;
			files = (
			);
			inputFileListPaths = (
			);
			inputPaths = (
				"${PODS_PODFILE_DIR_PATH}/Podfile.lock",
				"${PODS_ROOT}/Manifest.lock",
			);
			name = "[CP] Check Pods Manifest.lock";
			outputFileListPaths = (
			);
			outputPaths = (
				"$(DERIVED_FILE_DIR)/Pods-DemoShop-checkManifestLockResult.txt",
			);
			runOnlyForDeploymentPostprocessing = 0;
			shellPath = /bin/sh;
			shellScript = "diff \"${PODS_PODFILE_DIR_PATH}/Podfile.lock\" \"${PODS_ROOT}/Manifest.lock\" > /dev/null\nif [ $? != 0 ] ; then\n    # print error to STDERR\n    echo \"error: The sandbox is not in sync with the Podfile.lock. Run 'pod install' or update your CocoaPods installation.\" >&2\n    exit 1\nfi\n# This output is used by Xcode 'outputs' to avoid re-running this script phase.\necho \"SUCCESS\" > \"${SCRIPT_OUTPUT_FILE_0}\"\n";
			showEnvVarsInLog = 0;
		};
		C8499E84096C2DA729105ED4 /* [CP] Embed Pods Frameworks */ = {
			isa = PBXShellScriptBuildPhase;
			buildActionMask = 2147483647;
			files = (
			);
			inputFileListPaths = (
				"${PODS_ROOT}/Target Support Files/Pods-DemoShop/Pods-DemoShop-frameworks-${CONFIGURATION}-input-files.xcfilelist",
			);
			name = "[CP] Embed Pods Frameworks";
			outputFileListPaths = (
				"${PODS_ROOT}/Target Support Files/Pods-DemoShop/Pods-DemoShop-frameworks-${CONFIGURATION}-output-files.xcfilelist",
			);
			runOnlyForDeploymentPostprocessing = 0;
			shellPath = /bin/sh;
			shellScript = "\"${PODS_ROOT}/Target Support Files/Pods-DemoShop/Pods-DemoShop-frameworks.sh\"\n";
			showEnvVarsInLog = 0;
		};
/* End PBXShellScriptBuildPhase section */

/* Begin PBXSourcesBuildPhase section */
		449D7A85258BD20F0090E9D8 /* Sources */ = {
			isa = PBXSourcesBuildPhase;
			buildActionMask = 2147483647;
			files = (
				449D7A8D258BD20F0090E9D8 /* AppDelegate.swift in Sources */,
				449D7A8F258BD20F0090E9D8 /* SceneDelegate.swift in Sources */,
				44338091258BFD5D006ECEF8 /* MainViewController.swift in Sources */,
			);
			runOnlyForDeploymentPostprocessing = 0;
		};
/* End PBXSourcesBuildPhase section */

/* Begin PBXVariantGroup section */
		449D7A97258BD2120090E9D8 /* LaunchScreen.storyboard */ = {
			isa = PBXVariantGroup;
			children = (
				449D7A98258BD2120090E9D8 /* Base */,
			);
			name = LaunchScreen.storyboard;
			sourceTree = "<group>";
		};
/* End PBXVariantGroup section */

/* Begin XCBuildConfiguration section */
		449D7A9B258BD2120090E9D8 /* Debug */ = {
			isa = XCBuildConfiguration;
			buildSettings = {
				ALWAYS_SEARCH_USER_PATHS = NO;
				CLANG_ANALYZER_NONNULL = YES;
				CLANG_ANALYZER_NUMBER_OBJECT_CONVERSION = YES_AGGRESSIVE;
				CLANG_CXX_LANGUAGE_STANDARD = "gnu++14";
				CLANG_CXX_LIBRARY = "libc++";
				CLANG_ENABLE_MODULES = YES;
				CLANG_ENABLE_OBJC_ARC = YES;
				CLANG_ENABLE_OBJC_WEAK = YES;
				CLANG_WARN_BLOCK_CAPTURE_AUTORELEASING = YES;
				CLANG_WARN_BOOL_CONVERSION = YES;
				CLANG_WARN_COMMA = YES;
				CLANG_WARN_CONSTANT_CONVERSION = YES;
				CLANG_WARN_DEPRECATED_OBJC_IMPLEMENTATIONS = YES;
				CLANG_WARN_DIRECT_OBJC_ISA_USAGE = YES_ERROR;
				CLANG_WARN_DOCUMENTATION_COMMENTS = YES;
				CLANG_WARN_EMPTY_BODY = YES;
				CLANG_WARN_ENUM_CONVERSION = YES;
				CLANG_WARN_INFINITE_RECURSION = YES;
				CLANG_WARN_INT_CONVERSION = YES;
				CLANG_WARN_NON_LITERAL_NULL_CONVERSION = YES;
				CLANG_WARN_OBJC_IMPLICIT_RETAIN_SELF = YES;
				CLANG_WARN_OBJC_LITERAL_CONVERSION = YES;
				CLANG_WARN_OBJC_ROOT_CLASS = YES_ERROR;
				CLANG_WARN_QUOTED_INCLUDE_IN_FRAMEWORK_HEADER = YES;
				CLANG_WARN_RANGE_LOOP_ANALYSIS = YES;
				CLANG_WARN_STRICT_PROTOTYPES = YES;
				CLANG_WARN_SUSPICIOUS_MOVE = YES;
				CLANG_WARN_UNGUARDED_AVAILABILITY = YES_AGGRESSIVE;
				CLANG_WARN_UNREACHABLE_CODE = YES;
				CLANG_WARN__DUPLICATE_METHOD_MATCH = YES;
				COPY_PHASE_STRIP = NO;
				DEBUG_INFORMATION_FORMAT = dwarf;
				ENABLE_STRICT_OBJC_MSGSEND = YES;
				ENABLE_TESTABILITY = YES;
				GCC_C_LANGUAGE_STANDARD = gnu11;
				GCC_DYNAMIC_NO_PIC = NO;
				GCC_NO_COMMON_BLOCKS = YES;
				GCC_OPTIMIZATION_LEVEL = 0;
				GCC_PREPROCESSOR_DEFINITIONS = (
					"DEBUG=1",
					"$(inherited)",
				);
				GCC_WARN_64_TO_32_BIT_CONVERSION = YES;
				GCC_WARN_ABOUT_RETURN_TYPE = YES_ERROR;
				GCC_WARN_UNDECLARED_SELECTOR = YES;
				GCC_WARN_UNINITIALIZED_AUTOS = YES_AGGRESSIVE;
				GCC_WARN_UNUSED_FUNCTION = YES;
				GCC_WARN_UNUSED_VARIABLE = YES;
				IPHONEOS_DEPLOYMENT_TARGET = 14.2;
				MTL_ENABLE_DEBUG_INFO = INCLUDE_SOURCE;
				MTL_FAST_MATH = YES;
				ONLY_ACTIVE_ARCH = YES;
				SDKROOT = iphoneos;
				SWIFT_ACTIVE_COMPILATION_CONDITIONS = DEBUG;
				SWIFT_OPTIMIZATION_LEVEL = "-Onone";
			};
			name = Debug;
		};
		449D7A9C258BD2120090E9D8 /* Release */ = {
			isa = XCBuildConfiguration;
			buildSettings = {
				ALWAYS_SEARCH_USER_PATHS = NO;
				CLANG_ANALYZER_NONNULL = YES;
				CLANG_ANALYZER_NUMBER_OBJECT_CONVERSION = YES_AGGRESSIVE;
				CLANG_CXX_LANGUAGE_STANDARD = "gnu++14";
				CLANG_CXX_LIBRARY = "libc++";
				CLANG_ENABLE_MODULES = YES;
				CLANG_ENABLE_OBJC_ARC = YES;
				CLANG_ENABLE_OBJC_WEAK = YES;
				CLANG_WARN_BLOCK_CAPTURE_AUTORELEASING = YES;
				CLANG_WARN_BOOL_CONVERSION = YES;
				CLANG_WARN_COMMA = YES;
				CLANG_WARN_CONSTANT_CONVERSION = YES;
				CLANG_WARN_DEPRECATED_OBJC_IMPLEMENTATIONS = YES;
				CLANG_WARN_DIRECT_OBJC_ISA_USAGE = YES_ERROR;
				CLANG_WARN_DOCUMENTATION_COMMENTS = YES;
				CLANG_WARN_EMPTY_BODY = YES;
				CLANG_WARN_ENUM_CONVERSION = YES;
				CLANG_WARN_INFINITE_RECURSION = YES;
				CLANG_WARN_INT_CONVERSION = YES;
				CLANG_WARN_NON_LITERAL_NULL_CONVERSION = YES;
				CLANG_WARN_OBJC_IMPLICIT_RETAIN_SELF = YES;
				CLANG_WARN_OBJC_LITERAL_CONVERSION = YES;
				CLANG_WARN_OBJC_ROOT_CLASS = YES_ERROR;
				CLANG_WARN_QUOTED_INCLUDE_IN_FRAMEWORK_HEADER = YES;
				CLANG_WARN_RANGE_LOOP_ANALYSIS = YES;
				CLANG_WARN_STRICT_PROTOTYPES = YES;
				CLANG_WARN_SUSPICIOUS_MOVE = YES;
				CLANG_WARN_UNGUARDED_AVAILABILITY = YES_AGGRESSIVE;
				CLANG_WARN_UNREACHABLE_CODE = YES;
				CLANG_WARN__DUPLICATE_METHOD_MATCH = YES;
				COPY_PHASE_STRIP = NO;
				DEBUG_INFORMATION_FORMAT = "dwarf-with-dsym";
				ENABLE_NS_ASSERTIONS = NO;
				ENABLE_STRICT_OBJC_MSGSEND = YES;
				GCC_C_LANGUAGE_STANDARD = gnu11;
				GCC_NO_COMMON_BLOCKS = YES;
				GCC_WARN_64_TO_32_BIT_CONVERSION = YES;
				GCC_WARN_ABOUT_RETURN_TYPE = YES_ERROR;
				GCC_WARN_UNDECLARED_SELECTOR = YES;
				GCC_WARN_UNINITIALIZED_AUTOS = YES_AGGRESSIVE;
				GCC_WARN_UNUSED_FUNCTION = YES;
				GCC_WARN_UNUSED_VARIABLE = YES;
				IPHONEOS_DEPLOYMENT_TARGET = 14.2;
				MTL_ENABLE_DEBUG_INFO = NO;
				MTL_FAST_MATH = YES;
				SDKROOT = iphoneos;
				SWIFT_COMPILATION_MODE = wholemodule;
				SWIFT_OPTIMIZATION_LEVEL = "-O";
				VALIDATE_PRODUCT = YES;
			};
			name = Release;
		};
		449D7A9E258BD2120090E9D8 /* Debug */ = {
			isa = XCBuildConfiguration;
			baseConfigurationReference = 16B4C6CE6D1F3EBF297DD547 /* Pods-DemoShop.debug.xcconfig */;
			buildSettings = {
				ASSETCATALOG_COMPILER_APPICON_NAME = AppIcon;
				ASSETCATALOG_COMPILER_GLOBAL_ACCENT_COLOR_NAME = AccentColor;
				CODE_SIGN_STYLE = Automatic;
				DEVELOPMENT_TEAM = 7CDW888W99;
				INFOPLIST_FILE = DemoShop/Info.plist;
				LD_RUNPATH_SEARCH_PATHS = (
					"$(inherited)",
					"@executable_path/Frameworks",
				);
				PRODUCT_BUNDLE_IDENTIFIER = xyz.alik.DemoShop;
				PRODUCT_NAME = "$(TARGET_NAME)";
				SWIFT_VERSION = 5.0;
				TARGETED_DEVICE_FAMILY = "1,2";
			};
			name = Debug;
		};
		449D7A9F258BD2120090E9D8 /* Release */ = {
			isa = XCBuildConfiguration;
			baseConfigurationReference = 08FD55C65E58A1DFF6CF4E88 /* Pods-DemoShop.release.xcconfig */;
			buildSettings = {
				ASSETCATALOG_COMPILER_APPICON_NAME = AppIcon;
				ASSETCATALOG_COMPILER_GLOBAL_ACCENT_COLOR_NAME = AccentColor;
				CODE_SIGN_STYLE = Automatic;
				DEVELOPMENT_TEAM = 7CDW888W99;
				INFOPLIST_FILE = DemoShop/Info.plist;
				LD_RUNPATH_SEARCH_PATHS = (
					"$(inherited)",
					"@executable_path/Frameworks",
				);
				PRODUCT_BUNDLE_IDENTIFIER = xyz.alik.DemoShop;
				PRODUCT_NAME = "$(TARGET_NAME)";
				SWIFT_VERSION = 5.0;
				TARGETED_DEVICE_FAMILY = "1,2";
			};
			name = Release;
		};
/* End XCBuildConfiguration section */

/* Begin XCConfigurationList section */
		449D7A84258BD20F0090E9D8 /* Build configuration list for PBXProject "DemoShop" */ = {
			isa = XCConfigurationList;
			buildConfigurations = (
				449D7A9B258BD2120090E9D8 /* Debug */,
				449D7A9C258BD2120090E9D8 /* Release */,
			);
			defaultConfigurationIsVisible = 0;
			defaultConfigurationName = Release;
		};
		449D7A9D258BD2120090E9D8 /* Build configuration list for PBXNativeTarget "DemoShop" */ = {
			isa = XCConfigurationList;
			buildConfigurations = (
				449D7A9E258BD2120090E9D8 /* Debug */,
				449D7A9F258BD2120090E9D8 /* Release */,
			);
			defaultConfigurationIsVisible = 0;
			defaultConfigurationName = Release;
		};
/* End XCConfigurationList section */
	};
	rootObject = 449D7A81258BD20F0090E9D8 /* Project object */;
}
